
Microsoft Visual Studio Solution File, Format Version 12.00
# Visual Studio Version 16
VisualStudioVersion = 16.0.32630.194
MinimumVisualStudioVersion = 10.0.40219.1
Project("{9A19103F-16F7-4668-BE54-9A1E7A4F7556}") = "Clock3.1", "Clock3.1\Clock3.1.csproj", "{10FA759E-B574-4DFC-876E-A0EB5966ADAD}"
EndProject
Project("{9A19103F-16F7-4668-BE54-9A1E7A4F7556}") = "TestClock", "TestClock\TestClock.csproj", "{4856CD43-0CF2-49B9-ACF1-47132CBE2D25}"
EndProject
Project("{FAE04EC0-301F-11D3-BF4B-00C04F79EFBC}") = "TestCounter", "TestCounter\TestCounter.csproj", "{A5E42A85-5261-485C-AEB7-6626B40C63DC}"
EndProject
Global
	GlobalSection(SolutionConfigurationPlatforms) = preSolution
		Debug|Any CPU = Debug|Any CPU
		Release|Any CPU = Release|Any CPU
	EndGlobalSection
	GlobalSection(ProjectConfigurationPlatforms) = postSolution
		{10FA759E-B574-4DFC-876E-A0EB5966ADAD}.Debug|Any CPU.ActiveCfg = Debug|Any CPU
		{10FA759E-B574-4DFC-876E-A0EB5966ADAD}.Debug|Any CPU.Build.0 = Debug|Any CPU
		{10FA759E-B574-4DFC-876E-A0EB5966ADAD}.Release|Any CPU.ActiveCfg = Release|Any CPU
		{10FA759E-B574-4DFC-876E-A0EB5966ADAD}.Release|Any CPU.Build.0 = Release|Any CPU
		{4856CD43-0CF2-49B9-ACF1-47132CBE2D25}.Debug|Any CPU.ActiveCfg = Debug|Any CPU
		{4856CD43-0CF2-49B9-ACF1-47132CBE2D25}.Debug|Any CPU.Build.0 = Debug|Any CPU
		{4856CD43-0CF2-49B9-ACF1-47132CBE2D25}.Release|Any CPU.ActiveCfg = Release|Any CPU
		{4856CD43-0CF2-49B9-ACF1-47132CBE2D25}.Release|Any CPU.Build.0 = Release|Any CPU
		{A5E42A85-5261-485C-AEB7-6626B40C63DC}.Debug|Any CPU.ActiveCfg = Debug|Any CPU
		{A5E42A85-5261-485C-AEB7-6626B40C63DC}.Debug|Any CPU.Build.0 = Debug|Any CPU
		{A5E42A85-5261-485C-AEB7-6626B40C63DC}.Release|Any CPU.ActiveCfg = Release|Any CPU
		{A5E42A85-5261-485C-AEB7-6626B40C63DC}.Release|Any CPU.Build.0 = Release|Any CPU
	EndGlobalSection
	GlobalSection(SolutionProperties) = preSolution
		HideSolutionNode = FALSE
	EndGlobalSection
	GlobalSection(ExtensibilityGlobals) = postSolution
		SolutionGuid = {D43D7C4C-E1E7-46B9-9ABE-871EA00D96EE}
	EndGlobalSection
EndGlobal
